
Microsoft Visual Studio Solution File, Format Version 12.00
# Visual Studio Version 16
VisualStudioVersion = 16.0.29911.84
MinimumVisualStudioVersion = 10.0.40219.1
Project("{FAE04EC0-301F-11D3-BF4B-00C04F79EFBC}") = "ef-core-add-range-exception-bug", "ef-core-add-range-exception-bug\ef-core-add-range-exception-bug.csproj", "{773A375B-E2D9-47A5-B33F-F185FA1DAB68}"
EndProject
Global
	GlobalSection(SolutionConfigurationPlatforms) = preSolution
		Debug|Any CPU = Debug|Any CPU
		Release|Any CPU = Release|Any CPU
	EndGlobalSection
	GlobalSection(ProjectConfigurationPlatforms) = postSolution
		{773A375B-E2D9-47A5-B33F-F185FA1DAB68}.Debug|Any CPU.ActiveCfg = Debug|Any CPU
		{773A375B-E2D9-47A5-B33F-F185FA1DAB68}.Debug|Any CPU.Build.0 = Debug|Any CPU
		{773A375B-E2D9-47A5-B33F-F185FA1DAB68}.Release|Any CPU.ActiveCfg = Release|Any CPU
		{773A375B-E2D9-47A5-B33F-F185FA1DAB68}.Release|Any CPU.Build.0 = Release|Any CPU
	EndGlobalSection
	GlobalSection(SolutionProperties) = preSolution
		HideSolutionNode = FALSE
	EndGlobalSection
	GlobalSection(ExtensibilityGlobals) = postSolution
		SolutionGuid = {0F2188E3-CB83-4C12-8E99-C5695FAFE6EB}
	EndGlobalSection
EndGlobal
